
Microsoft Visual Studio Solution File, Format Version 12.00
# Visual Studio Version 16
VisualStudioVersion = 16.0.35826.135
MinimumVisualStudioVersion = 10.0.40219.1
Project("{8BC9CEB8-8B4A-11D0-8D11-00A0C91BC942}") = "Shelby", "Shelby\Shelby.vcxproj", "{2C600ED1-1802-39A7-01BD-4CFBEDFDBFF7}"
EndProject
Project("{8BC9CEB8-8B4A-11D0-8D11-00A0C91BC942}") = "Vice", "Vice\Vice.vcxproj", "{EC038E7C-D83A-8F0D-8127-75106D3D0B0F}"
EndProject
Global
	GlobalSection(SolutionConfigurationPlatforms) = preSolution
		Debug|x64 = Debug|x64
		Dist|x64 = Dist|x64
		Release|x64 = Release|x64
	EndGlobalSection
	GlobalSection(ProjectConfigurationPlatforms) = postSolution
		{2C600ED1-1802-39A7-01BD-4CFBEDFDBFF7}.Debug|x64.ActiveCfg = Debug|x64
		{2C600ED1-1802-39A7-01BD-4CFBEDFDBFF7}.Dist|x64.ActiveCfg = Dist|x64
		{2C600ED1-1802-39A7-01BD-4CFBEDFDBFF7}.Dist|x64.Build.0 = Dist|x64
		{2C600ED1-1802-39A7-01BD-4CFBEDFDBFF7}.Release|x64.ActiveCfg = Release|x64
		{2C600ED1-1802-39A7-01BD-4CFBEDFDBFF7}.Release|x64.Build.0 = Release|x64
		{EC038E7C-D83A-8F0D-8127-75106D3D0B0F}.Debug|x64.ActiveCfg = Debug|x64
		{EC038E7C-D83A-8F0D-8127-75106D3D0B0F}.Dist|x64.ActiveCfg = Dist|x64
		{EC038E7C-D83A-8F0D-8127-75106D3D0B0F}.Dist|x64.Build.0 = Dist|x64
		{EC038E7C-D83A-8F0D-8127-75106D3D0B0F}.Release|x64.ActiveCfg = Release|x64
		{EC038E7C-D83A-8F0D-8127-75106D3D0B0F}.Release|x64.Build.0 = Release|x64
	EndGlobalSection
	GlobalSection(SolutionProperties) = preSolution
		HideSolutionNode = FALSE
	EndGlobalSection
	GlobalSection(ExtensibilityGlobals) = postSolution
		SolutionGuid = {086050A4-4543-440E-82E8-E1A754DEC240}
	EndGlobalSection
EndGlobal
