<?xml version="1.0" encoding="utf-8"?>
<Project ToolsVersion="4.0" xmlns="http://schemas.microsoft.com/developer/msbuild/2003">
  <ItemGroup>
    <Filter Include="Platform">
      <UniqueIdentifier>{2AC788B4-1694-E3BF-3FAD-D1672BD9184E}</UniqueIdentifier>
    </Filter>
    <Filter Include="Platform\Windows">
      <UniqueIdentifier>{64FBD71A-50F4-F66C-7926-DCF1657ED678}</UniqueIdentifier>
    </Filter>
    <Filter Include="Shelby">
      <UniqueIdentifier>{2C600ED1-1802-39A7-01BD-4CFBEDFDBFF7}</UniqueIdentifier>
    </Filter>
    <Filter Include="Shelby\Events">
      <UniqueIdentifier>{90A2E86B-FC62-64A2-C59D-AD1F311DA97E}</UniqueIdentifier>
    </Filter>
  </ItemGroup>
  <ItemGroup>
    <ClInclude Include="src\Platform\Windows\WindowsWindow.h">
      <Filter>Platform\Windows</Filter>
    </ClInclude>
    <ClInclude Include="src\Shelby.h" />
    <ClInclude Include="src\Shelby\Application.h">
      <Filter>Shelby</Filter>
    </ClInclude>
    <ClInclude Include="src\Shelby\Core.h">
      <Filter>Shelby</Filter>
    </ClInclude>
    <ClInclude Include="src\Shelby\EntryPoint.h">
      <Filter>Shelby</Filter>
    </ClInclude>
    <ClInclude Include="src\Shelby\Events\ApplicationEvent.h">
      <Filter>Shelby\Events</Filter>
    </ClInclude>
    <ClInclude Include="src\Shelby\Events\Event.h">
      <Filter>Shelby\Events</Filter>
    </ClInclude>
    <ClInclude Include="src\Shelby\Events\KeyEvent.h">
      <Filter>Shelby\Events</Filter>
    </ClInclude>
    <ClInclude Include="src\Shelby\Events\MouseEvent.h">
      <Filter>Shelby\Events</Filter>
    </ClInclude>
    <ClInclude Include="src\Shelby\Layer.h">
      <Filter>Shelby</Filter>
    </ClInclude>
    <ClInclude Include="src\Shelby\LayerStack.h">
      <Filter>Shelby</Filter>
    </ClInclude>
    <ClInclude Include="src\Shelby\Log.h">
      <Filter>Shelby</Filter>
    </ClInclude>
    <ClInclude Include="src\Shelby\Window.h">
      <Filter>Shelby</Filter>
    </ClInclude>
    <ClInclude Include="src\sbpch.h" />
  </ItemGroup>
  <ItemGroup>
    <ClCompile Include="src\Platform\Windows\WindowsWindow.cpp">
      <Filter>Platform\Windows</Filter>
    </ClCompile>
    <ClCompile Include="src\Shelby\Application.cpp">
      <Filter>Shelby</Filter>
    </ClCompile>
    <ClCompile Include="src\Shelby\Layer.cpp">
      <Filter>Shelby</Filter>
    </ClCompile>
    <ClCompile Include="src\Shelby\LayerStack.cpp">
      <Filter>Shelby</Filter>
    </ClCompile>
    <ClCompile Include="src\Shelby\Log.cpp">
      <Filter>Shelby</Filter>
    </ClCompile>
    <ClCompile Include="src\sbpch.cpp" />
  </ItemGroup>
</Project>