<?xml version="1.0" encoding="utf-8"?>
<Project ToolsVersion="4.0" xmlns="http://schemas.microsoft.com/developer/msbuild/2003">
  <ItemGroup>
    <Filter Include="Shelby">
      <UniqueIdentifier>{2C600ED1-1802-39A7-01BD-4CFBEDFDBFF7}</UniqueIdentifier>
    </Filter>
    <Filter Include="Shelby\Events">
      <UniqueIdentifier>{90A2E86B-FC62-64A2-C59D-AD1F311DA97E}</UniqueIdentifier>
    </Filter>
  </ItemGroup>
  <ItemGroup>
    <ClInclude Include="src\Shelby.h" />
    <ClInclude Include="src\Shelby\Application.h">
      <Filter>Shelby</Filter>
    </ClInclude>
    <ClInclude Include="src\Shelby\Core.h">
      <Filter>Shelby</Filter>
    </ClInclude>
    <ClInclude Include="src\Shelby\EntryPoint.h">
      <Filter>Shelby</Filter>
    </ClInclude>
    <ClInclude Include="src\Shelby\Events\ApplicationEvent.h">
      <Filter>Shelby\Events</Filter>
    </ClInclude>
    <ClInclude Include="src\Shelby\Events\Event.h">
      <Filter>Shelby\Events</Filter>
    </ClInclude>
    <ClInclude Include="src\Shelby\Events\KeyEvent.h">
      <Filter>Shelby\Events</Filter>
    </ClInclude>
    <ClInclude Include="src\Shelby\Events\MouseEvent.h">
      <Filter>Shelby\Events</Filter>
    </ClInclude>
    <ClInclude Include="src\Shelby\Log.h">
      <Filter>Shelby</Filter>
    </ClInclude>
  </ItemGroup>
  <ItemGroup>
    <ClCompile Include="src\Shelby\Application.cpp">
      <Filter>Shelby</Filter>
    </ClCompile>
    <ClCompile Include="src\Shelby\Log.cpp">
      <Filter>Shelby</Filter>
    </ClCompile>
  </ItemGroup>
</Project>